
Microsoft Visual Studio Solution File, Format Version 12.00
# Visual Studio Version 17
VisualStudioVersion = 17.0.31903.59
MinimumVisualStudioVersion = 10.0.40219.1
Project("{9A19103F-16F7-4668-BE54-9A1E7A4F7556}") = "api-pos-categoria", "api-pos-categoria\api-pos-categoria.csproj", "{10EF0674-CC21-48BC-B4E4-45153DF5943B}"
EndProject
Project("{9A19103F-16F7-4668-BE54-9A1E7A4F7556}") = "api-pos-usuario", "api-pos-usuario\api-pos-usuario.csproj", "{D6F46474-ED8C-4E92-9D73-4F7A2BA0AEB0}"
EndProject
Project("{9A19103F-16F7-4668-BE54-9A1E7A4F7556}") = "api-pos-biblioteca", "api-pos-biblioteca\api-pos-biblioteca.csproj", "{43774703-3C2F-4650-9ED0-1D9BF50B770D}"
EndProject
Project("{9A19103F-16F7-4668-BE54-9A1E7A4F7556}") = "api-pos-gateway", "api-pos-gateway\api-pos-gateway.csproj", "{C1D0136C-B5E9-4837-88FF-5E3AD1F94D13}"
EndProject
Project("{E53339B2-1760-4266-BCC7-CA923CBCF16C}") = "docker-compose", "docker-compose.dcproj", "{4C50D958-A2CE-47E0-976D-CAC656FD919E}"
EndProject
Project("{9A19103F-16F7-4668-BE54-9A1E7A4F7556}") = "api-pos-articulo", "api-pos-articulo\api-pos-articulo.csproj", "{13FF8625-9F5F-41C3-A5B9-C36D6D33C563}"
EndProject
Project("{9A19103F-16F7-4668-BE54-9A1E7A4F7556}") = "api-pos-persona", "api-pos-persona\api-pos-persona.csproj", "{C2141436-CE37-48A0-91E1-0474D6E25670}"
EndProject
Project("{9A19103F-16F7-4668-BE54-9A1E7A4F7556}") = "api-pos-compra", "api-pos-compra\api-pos-compra.csproj", "{321F993D-56B8-4A62-B0A5-78A75595685E}"
EndProject
Project("{9A19103F-16F7-4668-BE54-9A1E7A4F7556}") = "api-pos-reporte", "api-pos-reporte\api-pos-reporte.csproj", "{C5DE6A2A-0DCC-4F42-93ED-DFAE99042398}"
EndProject
Global
	GlobalSection(SolutionConfigurationPlatforms) = preSolution
		Debug|Any CPU = Debug|Any CPU
		Release|Any CPU = Release|Any CPU
	EndGlobalSection
	GlobalSection(ProjectConfigurationPlatforms) = postSolution
		{10EF0674-CC21-48BC-B4E4-45153DF5943B}.Debug|Any CPU.ActiveCfg = Debug|Any CPU
		{10EF0674-CC21-48BC-B4E4-45153DF5943B}.Debug|Any CPU.Build.0 = Debug|Any CPU
		{10EF0674-CC21-48BC-B4E4-45153DF5943B}.Release|Any CPU.ActiveCfg = Release|Any CPU
		{10EF0674-CC21-48BC-B4E4-45153DF5943B}.Release|Any CPU.Build.0 = Release|Any CPU
		{D6F46474-ED8C-4E92-9D73-4F7A2BA0AEB0}.Debug|Any CPU.ActiveCfg = Debug|Any CPU
		{D6F46474-ED8C-4E92-9D73-4F7A2BA0AEB0}.Debug|Any CPU.Build.0 = Debug|Any CPU
		{D6F46474-ED8C-4E92-9D73-4F7A2BA0AEB0}.Release|Any CPU.ActiveCfg = Release|Any CPU
		{D6F46474-ED8C-4E92-9D73-4F7A2BA0AEB0}.Release|Any CPU.Build.0 = Release|Any CPU
		{43774703-3C2F-4650-9ED0-1D9BF50B770D}.Debug|Any CPU.ActiveCfg = Debug|Any CPU
		{43774703-3C2F-4650-9ED0-1D9BF50B770D}.Debug|Any CPU.Build.0 = Debug|Any CPU
		{43774703-3C2F-4650-9ED0-1D9BF50B770D}.Release|Any CPU.ActiveCfg = Release|Any CPU
		{43774703-3C2F-4650-9ED0-1D9BF50B770D}.Release|Any CPU.Build.0 = Release|Any CPU
		{C1D0136C-B5E9-4837-88FF-5E3AD1F94D13}.Debug|Any CPU.ActiveCfg = Debug|Any CPU
		{C1D0136C-B5E9-4837-88FF-5E3AD1F94D13}.Debug|Any CPU.Build.0 = Debug|Any CPU
		{C1D0136C-B5E9-4837-88FF-5E3AD1F94D13}.Release|Any CPU.ActiveCfg = Release|Any CPU
		{C1D0136C-B5E9-4837-88FF-5E3AD1F94D13}.Release|Any CPU.Build.0 = Release|Any CPU
		{4C50D958-A2CE-47E0-976D-CAC656FD919E}.Debug|Any CPU.ActiveCfg = Debug|Any CPU
		{4C50D958-A2CE-47E0-976D-CAC656FD919E}.Debug|Any CPU.Build.0 = Debug|Any CPU
		{4C50D958-A2CE-47E0-976D-CAC656FD919E}.Release|Any CPU.ActiveCfg = Release|Any CPU
		{4C50D958-A2CE-47E0-976D-CAC656FD919E}.Release|Any CPU.Build.0 = Release|Any CPU
		{13FF8625-9F5F-41C3-A5B9-C36D6D33C563}.Debug|Any CPU.ActiveCfg = Debug|Any CPU
		{13FF8625-9F5F-41C3-A5B9-C36D6D33C563}.Debug|Any CPU.Build.0 = Debug|Any CPU
		{13FF8625-9F5F-41C3-A5B9-C36D6D33C563}.Release|Any CPU.ActiveCfg = Release|Any CPU
		{13FF8625-9F5F-41C3-A5B9-C36D6D33C563}.Release|Any CPU.Build.0 = Release|Any CPU
		{C2141436-CE37-48A0-91E1-0474D6E25670}.Debug|Any CPU.ActiveCfg = Debug|Any CPU
		{C2141436-CE37-48A0-91E1-0474D6E25670}.Debug|Any CPU.Build.0 = Debug|Any CPU
		{C2141436-CE37-48A0-91E1-0474D6E25670}.Release|Any CPU.ActiveCfg = Release|Any CPU
		{C2141436-CE37-48A0-91E1-0474D6E25670}.Release|Any CPU.Build.0 = Release|Any CPU
		{321F993D-56B8-4A62-B0A5-78A75595685E}.Debug|Any CPU.ActiveCfg = Debug|Any CPU
		{321F993D-56B8-4A62-B0A5-78A75595685E}.Debug|Any CPU.Build.0 = Debug|Any CPU
		{321F993D-56B8-4A62-B0A5-78A75595685E}.Release|Any CPU.ActiveCfg = Release|Any CPU
		{321F993D-56B8-4A62-B0A5-78A75595685E}.Release|Any CPU.Build.0 = Release|Any CPU
		{C5DE6A2A-0DCC-4F42-93ED-DFAE99042398}.Debug|Any CPU.ActiveCfg = Debug|Any CPU
		{C5DE6A2A-0DCC-4F42-93ED-DFAE99042398}.Debug|Any CPU.Build.0 = Debug|Any CPU
		{C5DE6A2A-0DCC-4F42-93ED-DFAE99042398}.Release|Any CPU.ActiveCfg = Release|Any CPU
		{C5DE6A2A-0DCC-4F42-93ED-DFAE99042398}.Release|Any CPU.Build.0 = Release|Any CPU
	EndGlobalSection
	GlobalSection(SolutionProperties) = preSolution
		HideSolutionNode = FALSE
	EndGlobalSection
	GlobalSection(ExtensibilityGlobals) = postSolution
		SolutionGuid = {B9C8F932-DF61-40FC-B9C0-7CE85B78A97E}
	EndGlobalSection
EndGlobal
